// !$*UTF8*$!
{
	archiveVersion = 1;
	classes = {
	};
	objectVersion = 77;
	objects = {

/* Begin PBXBuildFile section */
		0F89EE840EC32179A22F9ACB /* CLIRunner.swift in Sources */ = {isa = PBXBuildFile; fileRef = 77C8EB711381C8EA26876781 /* CLIRunner.swift */; };
		15E928588D72A4C1BD0243A6 /* CLIUpdater.swift in Sources */ = {isa = PBXBuildFile; fileRef = F79983D3A6528A445DD38D74 /* CLIUpdater.swift */; };
		227996EC89D7784AE190DB8C /* cli in Resources */ = {isa = PBXBuildFile; fileRef = E939FA57E482E55BE1F459DC /* cli */; };
		55339C0CD727244DAD4DD613 /* ConverterViewModel.swift in Sources */ = {isa = PBXBuildFile; fileRef = 18E0368C0D3D926EB083F834 /* ConverterViewModel.swift */; };
		9B44DAEB1DAC1B7ED88E1C64 /* ContentView.swift in Sources */ = {isa = PBXBuildFile; fileRef = 715F9C9666A4396CC331DBF3 /* ContentView.swift */; };
		A51F0F441408E455835D7269 /* ConvertOptions.swift in Sources */ = {isa = PBXBuildFile; fileRef = 6A544902EE6EFF6E8AC751AF /* ConvertOptions.swift */; };
		BA607FF0964F11DFCD1EA408 /* App.swift in Sources */ = {isa = PBXBuildFile; fileRef = A932C8966EAC1E58B7F18111 /* App.swift */; };
/* End PBXBuildFile section */

/* Begin PBXFileReference section */
		18E0368C0D3D926EB083F834 /* ConverterViewModel.swift */ = {isa = PBXFileReference; lastKnownFileType = sourcecode.swift; path = ConverterViewModel.swift; sourceTree = "<group>"; };
		6A544902EE6EFF6E8AC751AF /* ConvertOptions.swift */ = {isa = PBXFileReference; lastKnownFileType = sourcecode.swift; path = ConvertOptions.swift; sourceTree = "<group>"; };
		715F9C9666A4396CC331DBF3 /* ContentView.swift */ = {isa = PBXFileReference; lastKnownFileType = sourcecode.swift; path = ContentView.swift; sourceTree = "<group>"; };
		77C8EB711381C8EA26876781 /* CLIRunner.swift */ = {isa = PBXFileReference; lastKnownFileType = sourcecode.swift; path = CLIRunner.swift; sourceTree = "<group>"; };
		A932C8966EAC1E58B7F18111 /* App.swift */ = {isa = PBXFileReference; lastKnownFileType = sourcecode.swift; path = App.swift; sourceTree = "<group>"; };
		B4EFC1EBA7C9890B30D392EA /* Chrome2Safari.app */ = {isa = PBXFileReference; explicitFileType = wrapper.application; includeInIndex = 0; path = Chrome2Safari.app; sourceTree = BUILT_PRODUCTS_DIR; };
		E939FA57E482E55BE1F459DC /* cli */ = {isa = PBXFileReference; lastKnownFileType = folder; name = cli; path = Resources/cli; sourceTree = SOURCE_ROOT; };
		F79983D3A6528A445DD38D74 /* CLIUpdater.swift */ = {isa = PBXFileReference; lastKnownFileType = sourcecode.swift; path = CLIUpdater.swift; sourceTree = "<group>"; };
/* End PBXFileReference section */

/* Begin PBXGroup section */
		64EFFA4A6FE2E791AE80154B = {
			isa = PBXGroup;
			children = (
				DE6F9B16931771042667522A /* Resources */,
				6B8AF7E61D2ED157A6235AB8 /* Sources */,
				F96CBD56A1B11093D5686490 /* Products */,
			);
			sourceTree = "<group>";
		};
		6B8AF7E61D2ED157A6235AB8 /* Sources */ = {
			isa = PBXGroup;
			children = (
				A932C8966EAC1E58B7F18111 /* App.swift */,
				77C8EB711381C8EA26876781 /* CLIRunner.swift */,
				F79983D3A6528A445DD38D74 /* CLIUpdater.swift */,
				715F9C9666A4396CC331DBF3 /* ContentView.swift */,
				18E0368C0D3D926EB083F834 /* ConverterViewModel.swift */,
				6A544902EE6EFF6E8AC751AF /* ConvertOptions.swift */,
			);
			path = Sources;
			sourceTree = "<group>";
		};
		DE6F9B16931771042667522A /* Resources */ = {
			isa = PBXGroup;
			children = (
				E939FA57E482E55BE1F459DC /* cli */,
			);
			path = Resources;
			sourceTree = "<group>";
		};
		F96CBD56A1B11093D5686490 /* Products */ = {
			isa = PBXGroup;
			children = (
				B4EFC1EBA7C9890B30D392EA /* Chrome2Safari.app */,
			);
			name = Products;
			sourceTree = "<group>";
		};
/* End PBXGroup section */

/* Begin PBXNativeTarget section */
		49B5201EA34D147F1ABF6CC8 /* Chrome2Safari */ = {
			isa = PBXNativeTarget;
			buildConfigurationList = 065A558B40E4241243904CB7 /* Build configuration list for PBXNativeTarget "Chrome2Safari" */;
			buildPhases = (
				FC5B5E4CADC7393231007749 /* Sources */,
				5A1D725C82A6311D237275F8 /* Resources */,
			);
			buildRules = (
			);
			dependencies = (
			);
			name = Chrome2Safari;
			packageProductDependencies = (
			);
			productName = Chrome2Safari;
			productReference = B4EFC1EBA7C9890B30D392EA /* Chrome2Safari.app */;
			productType = "com.apple.product-type.application";
		};
/* End PBXNativeTarget section */

/* Begin PBXProject section */
		6823BEB3FF788356745869F6 /* Project object */ = {
			isa = PBXProject;
			attributes = {
				BuildIndependentTargetsInParallel = YES;
				LastUpgradeCheck = 1430;
				TargetAttributes = {
					49B5201EA34D147F1ABF6CC8 = {
						DevelopmentTeam = "";
						ProvisioningStyle = Automatic;
					};
				};
			};
			buildConfigurationList = EC302D81FF9DE7AB961314BD /* Build configuration list for PBXProject "Chrome2Safari" */;
			developmentRegion = en;
			hasScannedForEncodings = 0;
			knownRegions = (
				Base,
				en,
			);
			mainGroup = 64EFFA4A6FE2E791AE80154B;
			minimizedProjectReferenceProxies = 1;
			preferredProjectObjectVersion = 77;
			productRefGroup = F96CBD56A1B11093D5686490 /* Products */;
			projectDirPath = "";
			projectRoot = "";
			targets = (
				49B5201EA34D147F1ABF6CC8 /* Chrome2Safari */,
			);
		};
/* End PBXProject section */

/* Begin PBXResourcesBuildPhase section */
		5A1D725C82A6311D237275F8 /* Resources */ = {
			isa = PBXResourcesBuildPhase;
			buildActionMask = 2147483647;
			files = (
				227996EC89D7784AE190DB8C /* cli in Resources */,
			);
			runOnlyForDeploymentPostprocessing = 0;
		};
/* End PBXResourcesBuildPhase section */

/* Begin PBXSourcesBuildPhase section */
		FC5B5E4CADC7393231007749 /* Sources */ = {
			isa = PBXSourcesBuildPhase;
			buildActionMask = 2147483647;
			files = (
				BA607FF0964F11DFCD1EA408 /* App.swift in Sources */,
				0F89EE840EC32179A22F9ACB /* CLIRunner.swift in Sources */,
				15E928588D72A4C1BD0243A6 /* CLIUpdater.swift in Sources */,
				9B44DAEB1DAC1B7ED88E1C64 /* ContentView.swift in Sources */,
				A51F0F441408E455835D7269 /* ConvertOptions.swift in Sources */,
				55339C0CD727244DAD4DD613 /* ConverterViewModel.swift in Sources */,
			);
			runOnlyForDeploymentPostprocessing = 0;
		};
/* End PBXSourcesBuildPhase section */

/* Begin XCBuildConfiguration section */
		31EAA73D5DEC8B6947C0C7DE /* Release */ = {
			isa = XCBuildConfiguration;
			buildSettings = {
				ASSETCATALOG_COMPILER_APPICON_NAME = AppIcon;
				CODE_SIGN_ENTITLEMENTS = Chrome2Safari.entitlements;
				COMBINE_HIDPI_IMAGES = YES;
				ENABLE_HARDENED_RUNTIME = YES;
				INFOPLIST_FILE = Info.plist;
				INFOPLIST_KEY_NSPrincipalClass = NSApplication;
				LD_RUNPATH_SEARCH_PATHS = (
					"$(inherited)",
					"@executable_path/../Frameworks",
				);
				PRODUCT_BUNDLE_IDENTIFIER = com.chrome2safari.app;
				SDKROOT = macosx;
			};
			name = Release;
		};
		9E2DC9958E7A8EE1BF96F79A /* Release */ = {
			isa = XCBuildConfiguration;
			buildSettings = {
				ALWAYS_SEARCH_USER_PATHS = NO;
				CLANG_ANALYZER_NONNULL = YES;
				CLANG_ANALYZER_NUMBER_OBJECT_CONVERSION = YES_AGGRESSIVE;
				CLANG_CXX_LANGUAGE_STANDARD = "gnu++14";
				CLANG_CXX_LIBRARY = "libc++";
				CLANG_ENABLE_MODULES = YES;
				CLANG_ENABLE_OBJC_ARC = YES;
				CLANG_ENABLE_OBJC_WEAK = YES;
				CLANG_WARN_BLOCK_CAPTURE_AUTORELEASING = YES;
				CLANG_WARN_BOOL_CONVERSION = YES;
				CLANG_WARN_COMMA = YES;
				CLANG_WARN_CONSTANT_CONVERSION = YES;
				CLANG_WARN_DEPRECATED_OBJC_IMPLEMENTATIONS = YES;
				CLANG_WARN_DIRECT_OBJC_ISA_USAGE = YES_ERROR;
				CLANG_WARN_DOCUMENTATION_COMMENTS = YES;
				CLANG_WARN_EMPTY_BODY = YES;
				CLANG_WARN_ENUM_CONVERSION = YES;
				CLANG_WARN_INFINITE_RECURSION = YES;
				CLANG_WARN_INT_CONVERSION = YES;
				CLANG_WARN_NON_LITERAL_NULL_CONVERSION = YES;
				CLANG_WARN_OBJC_IMPLICIT_RETAIN_SELF = YES;
				CLANG_WARN_OBJC_LITERAL_CONVERSION = YES;
				CLANG_WARN_OBJC_ROOT_CLASS = YES_ERROR;
				CLANG_WARN_QUOTED_INCLUDE_IN_FRAMEWORK_HEADER = YES;
				CLANG_WARN_RANGE_LOOP_ANALYSIS = YES;
				CLANG_WARN_STRICT_PROTOTYPES = YES;
				CLANG_WARN_SUSPICIOUS_MOVE = YES;
				CLANG_WARN_UNGUARDED_AVAILABILITY = YES_AGGRESSIVE;
				CLANG_WARN_UNREACHABLE_CODE = YES;
				CLANG_WARN__DUPLICATE_METHOD_MATCH = YES;
				CODE_SIGN_STYLE = Automatic;
				COPY_PHASE_STRIP = NO;
				CURRENT_PROJECT_VERSION = 1;
				DEBUG_INFORMATION_FORMAT = "dwarf-with-dsym";
				DEVELOPMENT_TEAM = "";
				ENABLE_NS_ASSERTIONS = NO;
				ENABLE_STRICT_OBJC_MSGSEND = YES;
				GCC_C_LANGUAGE_STANDARD = gnu11;
				GCC_NO_COMMON_BLOCKS = YES;
				GCC_WARN_64_TO_32_BIT_CONVERSION = YES;
				GCC_WARN_ABOUT_RETURN_TYPE = YES_ERROR;
				GCC_WARN_UNDECLARED_SELECTOR = YES;
				GCC_WARN_UNINITIALIZED_AUTOS = YES_AGGRESSIVE;
				GCC_WARN_UNUSED_FUNCTION = YES;
				GCC_WARN_UNUSED_VARIABLE = YES;
				MACOSX_DEPLOYMENT_TARGET = 13.0;
				MARKETING_VERSION = 1.0.0;
				MTL_ENABLE_DEBUG_INFO = NO;
				MTL_FAST_MATH = YES;
				PRODUCT_NAME = "$(TARGET_NAME)";
				SDKROOT = macosx;
				SWIFT_COMPILATION_MODE = wholemodule;
				SWIFT_OPTIMIZATION_LEVEL = "-O";
				SWIFT_VERSION = 5.0;
			};
			name = Release;
		};
		C8459011E9E8B6CB7C21DEAC /* Debug */ = {
			isa = XCBuildConfiguration;
			buildSettings = {
				ASSETCATALOG_COMPILER_APPICON_NAME = AppIcon;
				CODE_SIGN_ENTITLEMENTS = Chrome2Safari.entitlements;
				COMBINE_HIDPI_IMAGES = YES;
				ENABLE_HARDENED_RUNTIME = YES;
				INFOPLIST_FILE = Info.plist;
				INFOPLIST_KEY_NSPrincipalClass = NSApplication;
				LD_RUNPATH_SEARCH_PATHS = (
					"$(inherited)",
					"@executable_path/../Frameworks",
				);
				PRODUCT_BUNDLE_IDENTIFIER = com.chrome2safari.app;
				SDKROOT = macosx;
			};
			name = Debug;
		};
		E887FB12F09B80967A089F92 /* Debug */ = {
			isa = XCBuildConfiguration;
			buildSettings = {
				ALWAYS_SEARCH_USER_PATHS = NO;
				CLANG_ANALYZER_NONNULL = YES;
				CLANG_ANALYZER_NUMBER_OBJECT_CONVERSION = YES_AGGRESSIVE;
				CLANG_CXX_LANGUAGE_STANDARD = "gnu++14";
				CLANG_CXX_LIBRARY = "libc++";
				CLANG_ENABLE_MODULES = YES;
				CLANG_ENABLE_OBJC_ARC = YES;
				CLANG_ENABLE_OBJC_WEAK = YES;
				CLANG_WARN_BLOCK_CAPTURE_AUTORELEASING = YES;
				CLANG_WARN_BOOL_CONVERSION = YES;
				CLANG_WARN_COMMA = YES;
				CLANG_WARN_CONSTANT_CONVERSION = YES;
				CLANG_WARN_DEPRECATED_OBJC_IMPLEMENTATIONS = YES;
				CLANG_WARN_DIRECT_OBJC_ISA_USAGE = YES_ERROR;
				CLANG_WARN_DOCUMENTATION_COMMENTS = YES;
				CLANG_WARN_EMPTY_BODY = YES;
				CLANG_WARN_ENUM_CONVERSION = YES;
				CLANG_WARN_INFINITE_RECURSION = YES;
				CLANG_WARN_INT_CONVERSION = YES;
				CLANG_WARN_NON_LITERAL_NULL_CONVERSION = YES;
				CLANG_WARN_OBJC_IMPLICIT_RETAIN_SELF = YES;
				CLANG_WARN_OBJC_LITERAL_CONVERSION = YES;
				CLANG_WARN_OBJC_ROOT_CLASS = YES_ERROR;
				CLANG_WARN_QUOTED_INCLUDE_IN_FRAMEWORK_HEADER = YES;
				CLANG_WARN_RANGE_LOOP_ANALYSIS = YES;
				CLANG_WARN_STRICT_PROTOTYPES = YES;
				CLANG_WARN_SUSPICIOUS_MOVE = YES;
				CLANG_WARN_UNGUARDED_AVAILABILITY = YES_AGGRESSIVE;
				CLANG_WARN_UNREACHABLE_CODE = YES;
				CLANG_WARN__DUPLICATE_METHOD_MATCH = YES;
				CODE_SIGN_STYLE = Automatic;
				COPY_PHASE_STRIP = NO;
				CURRENT_PROJECT_VERSION = 1;
				DEBUG_INFORMATION_FORMAT = dwarf;
				DEVELOPMENT_TEAM = "";
				ENABLE_STRICT_OBJC_MSGSEND = YES;
				ENABLE_TESTABILITY = YES;
				GCC_C_LANGUAGE_STANDARD = gnu11;
				GCC_DYNAMIC_NO_PIC = NO;
				GCC_NO_COMMON_BLOCKS = YES;
				GCC_OPTIMIZATION_LEVEL = 0;
				GCC_PREPROCESSOR_DEFINITIONS = (
					"$(inherited)",
					"DEBUG=1",
				);
				GCC_WARN_64_TO_32_BIT_CONVERSION = YES;
				GCC_WARN_ABOUT_RETURN_TYPE = YES_ERROR;
				GCC_WARN_UNDECLARED_SELECTOR = YES;
				GCC_WARN_UNINITIALIZED_AUTOS = YES_AGGRESSIVE;
				GCC_WARN_UNUSED_FUNCTION = YES;
				GCC_WARN_UNUSED_VARIABLE = YES;
				MACOSX_DEPLOYMENT_TARGET = 13.0;
				MARKETING_VERSION = 1.0.0;
				MTL_ENABLE_DEBUG_INFO = INCLUDE_SOURCE;
				MTL_FAST_MATH = YES;
				ONLY_ACTIVE_ARCH = YES;
				PRODUCT_NAME = "$(TARGET_NAME)";
				SDKROOT = macosx;
				SWIFT_ACTIVE_COMPILATION_CONDITIONS = DEBUG;
				SWIFT_OPTIMIZATION_LEVEL = "-Onone";
				SWIFT_VERSION = 5.0;
			};
			name = Debug;
		};
/* End XCBuildConfiguration section */

/* Begin XCConfigurationList section */
		065A558B40E4241243904CB7 /* Build configuration list for PBXNativeTarget "Chrome2Safari" */ = {
			isa = XCConfigurationList;
			buildConfigurations = (
				C8459011E9E8B6CB7C21DEAC /* Debug */,
				31EAA73D5DEC8B6947C0C7DE /* Release */,
			);
			defaultConfigurationIsVisible = 0;
			defaultConfigurationName = Debug;
		};
		EC302D81FF9DE7AB961314BD /* Build configuration list for PBXProject "Chrome2Safari" */ = {
			isa = XCConfigurationList;
			buildConfigurations = (
				E887FB12F09B80967A089F92 /* Debug */,
				9E2DC9958E7A8EE1BF96F79A /* Release */,
			);
			defaultConfigurationIsVisible = 0;
			defaultConfigurationName = Debug;
		};
/* End XCConfigurationList section */
	};
	rootObject = 6823BEB3FF788356745869F6 /* Project object */;
}
